
Microsoft Visual Studio Solution File, Format Version 12.00
# Visual Studio Version 17
VisualStudioVersion = 17.5.002.0
MinimumVisualStudioVersion = 10.0.40219.1
Project("{9A19103F-16F7-4668-BE54-9A1E7A4F7556}") = "Client", "Client\Client.csproj", "{372884F7-47C6-4C7F-B7E2-C96A03434248}"
EndProject
Project("{9A19103F-16F7-4668-BE54-9A1E7A4F7556}") = "Server", "Server\Server.csproj", "{866B9D48-A385-4ACD-9B20-D17E91B73FC7}"
EndProject
Project("{9A19103F-16F7-4668-BE54-9A1E7A4F7556}") = "Tests", "Tests\Tests.csproj", "{7E3E8A54-8625-4BB5-AAA1-717B5E19E210}"
EndProject
Global
	GlobalSection(SolutionConfigurationPlatforms) = preSolution
		Debug|Any CPU = Debug|Any CPU
		Release|Any CPU = Release|Any CPU
	EndGlobalSection
	GlobalSection(ProjectConfigurationPlatforms) = postSolution
		{372884F7-47C6-4C7F-B7E2-C96A03434248}.Debug|Any CPU.ActiveCfg = Debug|Any CPU
		{372884F7-47C6-4C7F-B7E2-C96A03434248}.Debug|Any CPU.Build.0 = Debug|Any CPU
		{372884F7-47C6-4C7F-B7E2-C96A03434248}.Release|Any CPU.ActiveCfg = Release|Any CPU
		{372884F7-47C6-4C7F-B7E2-C96A03434248}.Release|Any CPU.Build.0 = Release|Any CPU
		{866B9D48-A385-4ACD-9B20-D17E91B73FC7}.Debug|Any CPU.ActiveCfg = Debug|Any CPU
		{866B9D48-A385-4ACD-9B20-D17E91B73FC7}.Debug|Any CPU.Build.0 = Debug|Any CPU
		{866B9D48-A385-4ACD-9B20-D17E91B73FC7}.Release|Any CPU.ActiveCfg = Release|Any CPU
		{866B9D48-A385-4ACD-9B20-D17E91B73FC7}.Release|Any CPU.Build.0 = Release|Any CPU
		{7E3E8A54-8625-4BB5-AAA1-717B5E19E210}.Debug|Any CPU.ActiveCfg = Debug|Any CPU
		{7E3E8A54-8625-4BB5-AAA1-717B5E19E210}.Debug|Any CPU.Build.0 = Debug|Any CPU
		{7E3E8A54-8625-4BB5-AAA1-717B5E19E210}.Release|Any CPU.ActiveCfg = Release|Any CPU
		{7E3E8A54-8625-4BB5-AAA1-717B5E19E210}.Release|Any CPU.Build.0 = Release|Any CPU
	EndGlobalSection
	GlobalSection(SolutionProperties) = preSolution
		HideSolutionNode = FALSE
	EndGlobalSection
	GlobalSection(ExtensibilityGlobals) = postSolution
		SolutionGuid = {6B64E875-2D97-4754-91D6-8E201ABE43DE}
	EndGlobalSection
EndGlobal
